
Microsoft Visual Studio Solution File, Format Version 12.00
# Visual Studio Version 16
VisualStudioVersion = 16.0.29326.143
MinimumVisualStudioVersion = 10.0.40219.1
Project("{FAE04EC0-301F-11D3-BF4B-00C04F79EFBC}") = "DoMyBilling", "DoMyBilling\DoMyBilling.csproj", "{C2FD1579-1FBB-432F-9300-98E02C9ABE1D}"
EndProject
Global
	GlobalSection(SolutionConfigurationPlatforms) = preSolution
		Debug|Any CPU = Debug|Any CPU
		Release|Any CPU = Release|Any CPU
	EndGlobalSection
	GlobalSection(ProjectConfigurationPlatforms) = postSolution
		{C2FD1579-1FBB-432F-9300-98E02C9ABE1D}.Debug|Any CPU.ActiveCfg = Debug|Any CPU
		{C2FD1579-1FBB-432F-9300-98E02C9ABE1D}.Debug|Any CPU.Build.0 = Debug|Any CPU
		{C2FD1579-1FBB-432F-9300-98E02C9ABE1D}.Release|Any CPU.ActiveCfg = Release|Any CPU
		{C2FD1579-1FBB-432F-9300-98E02C9ABE1D}.Release|Any CPU.Build.0 = Release|Any CPU
	EndGlobalSection
	GlobalSection(SolutionProperties) = preSolution
		HideSolutionNode = FALSE
	EndGlobalSection
	GlobalSection(ExtensibilityGlobals) = postSolution
		SolutionGuid = {74DA026C-6EE7-4F55-8C6E-3279F51144A1}
	EndGlobalSection
EndGlobal
